{
  "version": 4,
  "terraform_version": "1.12.2",
  "serial": 1,
  "lineage": "f451b283-5211-30f8-9015-d2e5756f6756",
  "outputs": {},
  "resources": [
    {
      "mode": "managed",
      "type": "aws_internet_gateway",
      "name": "b67_igw",
      "provider": "provider[\"registry.terraform.io/hashicorp/aws\"]",
      "instances": [
        {
          "status": "tainted",
          "schema_version": 0,
          "attributes": {
            "arn": null,
            "id": "igw-0db2e6cb123d4998f",
            "owner_id": null,
            "region": "us-east-1",
            "tags": {
              "Name": "b67_igw"
            },
            "tags_all": {
              "Name": "b67_igw"
            },
            "timeouts": null,
            "vpc_id": "b67"
          },
          "sensitive_attributes": [],
          "identity_schema_version": 0,
          "private": "eyJlMmJmYjczMC1lY2FhLTExZTYtOGY4OC0zNDM2M2JjN2M0YzAiOnsiY3JlYXRlIjoxMjAwMDAwMDAwMDAwLCJkZWxldGUiOjEyMDAwMDAwMDAwMDAsInVwZGF0ZSI6MTIwMDAwMDAwMDAwMH19"
        }
      ]
    }
  ],
  "check_results": null
}
